{
  "nodes": {
    "nixpkgs": {
      "locked": {
        "lastModified": 1685043448,
        "narHash": "sha256-U3BwyDc2OzBcZ8tD09qXibyivgOtOQFTFCVgFyJ+6MM=",
        "owner": "nixos",
        "repo": "nixpkgs",
        "rev": "9886352ec9ab3945896ee8a4185e961fe29df209",
        "type": "github"
      },
      "original": {
        "owner": "nixos",
        "ref": "nixos-22.11",
        "repo": "nixpkgs",
        "type": "github"
      }
    },
    "root": {
      "inputs": {
        "nixpkgs": "nixpkgs",
        "ubootSrc": "ubootSrc"
      }
    },
    "ubootSrc": {
      "flake": false,
      "locked": {
        "lastModified": 1685126330,
        "narHash": "sha256-BjTvgZId3Cp1tuRh11DyfJTwymCEV/DDBN2QBj1QXVg=",
        "owner": "Snektron",
        "repo": "u-boot-vf2",
        "rev": "fb440e664c56415d55a1850995f9dd0bafaa6680",
        "type": "github"
      },
      "original": {
        "owner": "Snektron",
        "repo": "u-boot-vf2",
        "type": "github"
      }
    }
  },
  "root": "root",
  "version": 7
}
